
Microsoft Visual Studio Solution File, Format Version 12.00
# Visual Studio Version 16
VisualStudioVersion = 16.0.30320.27
MinimumVisualStudioVersion = 10.0.40219.1
Project("{FAE04EC0-301F-11D3-BF4B-00C04F79EFBC}") = "eShopSolutionWebApp", "eShopSolutionWebApp\eShopSolutionWebApp.csproj", "{F1A23740-4690-4623-96C8-5E85F1932A1E}"
EndProject
Global
	GlobalSection(SolutionConfigurationPlatforms) = preSolution
		Debug|Any CPU = Debug|Any CPU
		Release|Any CPU = Release|Any CPU
	EndGlobalSection
	GlobalSection(ProjectConfigurationPlatforms) = postSolution
		{F1A23740-4690-4623-96C8-5E85F1932A1E}.Debug|Any CPU.ActiveCfg = Debug|Any CPU
		{F1A23740-4690-4623-96C8-5E85F1932A1E}.Debug|Any CPU.Build.0 = Debug|Any CPU
		{F1A23740-4690-4623-96C8-5E85F1932A1E}.Release|Any CPU.ActiveCfg = Release|Any CPU
		{F1A23740-4690-4623-96C8-5E85F1932A1E}.Release|Any CPU.Build.0 = Release|Any CPU
	EndGlobalSection
	GlobalSection(SolutionProperties) = preSolution
		HideSolutionNode = FALSE
	EndGlobalSection
	GlobalSection(ExtensibilityGlobals) = postSolution
		SolutionGuid = {5A38AA53-5DFC-4C41-8D1A-95A084CCE0A8}
	EndGlobalSection
EndGlobal
